
Microsoft Visual Studio Solution File, Format Version 11.00
# Visual Studio 2010
Project("{FAE04EC0-301F-11D3-BF4B-00C04F79EFBC}") = "Assembly-CSharp", "Assembly-CSharp.csproj", "{d9ee7187-fdfd-7206-d2be-082614897092}"
EndProject
Project("{FAE04EC0-301F-11D3-BF4B-00C04F79EFBC}") = "Assembly-CSharp-Editor", "Assembly-CSharp-Editor.csproj", "{f3de1b9d-4110-8d11-fc57-aa49208d06db}"
EndProject
Global
	GlobalSection(SolutionConfigurationPlatforms) = preSolution
		Debug|Any CPU = Debug|Any CPU
	EndGlobalSection
	GlobalSection(ProjectConfigurationPlatforms) = postSolution
		{d9ee7187-fdfd-7206-d2be-082614897092}.Debug|Any CPU.ActiveCfg = Debug|Any CPU
		{d9ee7187-fdfd-7206-d2be-082614897092}.Debug|Any CPU.Build.0 = Debug|Any CPU
		{f3de1b9d-4110-8d11-fc57-aa49208d06db}.Debug|Any CPU.ActiveCfg = Debug|Any CPU
		{f3de1b9d-4110-8d11-fc57-aa49208d06db}.Debug|Any CPU.Build.0 = Debug|Any CPU
	EndGlobalSection
	GlobalSection(SolutionProperties) = preSolution
		HideSolutionNode = FALSE
	EndGlobalSection
EndGlobal
